{
  "name": "retap",
  "version": "1.0.0",
  "lockfileVersion": 3,
  "requires": true,
  "packages": {
    "": {
      "name": "retap",
      "version": "1.0.0",
      "license": "ISC",
      "dependencies": {
        "@stripe/react-stripe-js": "^3.7.0",
        "@stripe/stripe-js": "^7.3.0"
      },
      "devDependencies": {
        "turbo": "^2.5.3"
      }
    },
    "node_modules/.pnpm/turbo@2.5.3/node_modules/turbo": {
      "version": "2.5.3",
      "dev": true,
      "license": "MIT",
      "bin": {
        "turbo": "bin/turbo"
      },
      "optionalDependencies": {
        "turbo-darwin-64": "2.5.3",
        "turbo-darwin-arm64": "2.5.3",
        "turbo-linux-64": "2.5.3",
        "turbo-linux-arm64": "2.5.3",
        "turbo-windows-64": "2.5.3",
        "turbo-windows-arm64": "2.5.3"
      }
    },
    "node_modules/@stripe/react-stripe-js": {
      "version": "3.7.0",
      "resolved": "https://registry.npmjs.org/@stripe/react-stripe-js/-/react-stripe-js-3.7.0.tgz",
      "integrity": "sha512-PYls/2S9l0FF+2n0wHaEJsEU8x7CmBagiH7zYOsxbBlLIHEsqUIQ4MlIAbV9Zg6xwT8jlYdlRIyBTHmO3yM7kQ==",
      "license": "MIT",
      "dependencies": {
        "prop-types": "^15.7.2"
      },
      "peerDependencies": {
        "@stripe/stripe-js": ">=1.44.1 <8.0.0",
        "react": ">=16.8.0 <20.0.0",
        "react-dom": ">=16.8.0 <20.0.0"
      }
    },
    "node_modules/@stripe/stripe-js": {
      "version": "7.3.0",
      "resolved": "https://registry.npmjs.org/@stripe/stripe-js/-/stripe-js-7.3.0.tgz",
      "integrity": "sha512-xnCyFIEI5SQnQrKkCxVj7nS5fWTZap+zuIGzmmxLMdlmgahFJaihK4zogqE8YyKKTLtrp/EldkEijSgtXsRVDg==",
      "license": "MIT",
      "engines": {
        "node": ">=12.16"
      }
    },
    "node_modules/js-tokens": {
      "version": "4.0.0",
      "resolved": "https://registry.npmjs.org/js-tokens/-/js-tokens-4.0.0.tgz",
      "integrity": "sha512-RdJUflcE3cUzKiMqQgsCu06FPu9UdIJO0beYbPhHN4k6apgJtifcoCtT9bcxOpYBtpD2kCM6Sbzg4CausW/PKQ==",
      "license": "MIT"
    },
    "node_modules/loose-envify": {
      "version": "1.4.0",
      "resolved": "https://registry.npmjs.org/loose-envify/-/loose-envify-1.4.0.tgz",
      "integrity": "sha512-lyuxPGr/Wfhrlem2CL/UcnUc1zcqKAImBDzukY7Y5F/yQiNdko6+fRLevlw1HgMySw7f611UIY408EtxRSoK3Q==",
      "license": "MIT",
      "dependencies": {
        "js-tokens": "^3.0.0 || ^4.0.0"
      },
      "bin": {
        "loose-envify": "cli.js"
      }
    },
    "node_modules/object-assign": {
      "version": "4.1.1",
      "resolved": "https://registry.npmjs.org/object-assign/-/object-assign-4.1.1.tgz",
      "integrity": "sha512-rJgTQnkUnH1sFw8yT6VSU3zD3sWmu6sZhIseY8VX+GRu3P6F7Fu+JNDoXfklElbLJSnc3FUQHVe4cU5hj+BcUg==",
      "license": "MIT",
      "engines": {
        "node": ">=0.10.0"
      }
    },
    "node_modules/prop-types": {
      "version": "15.8.1",
      "resolved": "https://registry.npmjs.org/prop-types/-/prop-types-15.8.1.tgz",
      "integrity": "sha512-oj87CgZICdulUohogVAR7AjlC0327U4el4L6eAvOqCeudMDVU0NThNaV+b9Df4dXgSP1gXMTnPdhfe/2qDH5cg==",
      "license": "MIT",
      "dependencies": {
        "loose-envify": "^1.4.0",
        "object-assign": "^4.1.1",
        "react-is": "^16.13.1"
      }
    },
    "node_modules/react": {
      "version": "19.1.0",
      "resolved": "https://registry.npmjs.org/react/-/react-19.1.0.tgz",
      "integrity": "sha512-FS+XFBNvn3GTAWq26joslQgWNoFu08F4kl0J4CgdNKADkdSGXQyTCnKteIAJy96Br6YbpEU1LSzV5dYtjMkMDg==",
      "license": "MIT",
      "peer": true,
      "engines": {
        "node": ">=0.10.0"
      }
    },
    "node_modules/react-dom": {
      "version": "19.1.0",
      "resolved": "https://registry.npmjs.org/react-dom/-/react-dom-19.1.0.tgz",
      "integrity": "sha512-Xs1hdnE+DyKgeHJeJznQmYMIBG3TKIHJJT95Q58nHLSrElKlGQqDTR2HQ9fx5CN/Gk6Vh/kupBTDLU11/nDk/g==",
      "license": "MIT",
      "peer": true,
      "dependencies": {
        "scheduler": "^0.26.0"
      },
      "peerDependencies": {
        "react": "^19.1.0"
      }
    },
    "node_modules/react-is": {
      "version": "16.13.1",
      "resolved": "https://registry.npmjs.org/react-is/-/react-is-16.13.1.tgz",
      "integrity": "sha512-24e6ynE2H+OKt4kqsOvNd8kBpV65zoxbA4BVsEOB3ARVWQki/DHzaUoC5KuON/BiccDaCCTZBuOcfZs70kR8bQ==",
      "license": "MIT"
    },
    "node_modules/scheduler": {
      "version": "0.26.0",
      "resolved": "https://registry.npmjs.org/scheduler/-/scheduler-0.26.0.tgz",
      "integrity": "sha512-NlHwttCI/l5gCPR3D1nNXtWABUmBwvZpEQiD4IXSbIDq8BzLIK/7Ir5gTFSGZDUu37K5cMNp0hFtzO38sC7gWA==",
      "license": "MIT",
      "peer": true
    },
    "node_modules/turbo": {
      "resolved": "node_modules/.pnpm/turbo@2.5.3/node_modules/turbo",
      "link": true
    },
    "node_modules/turbo-darwin-64": {
      "version": "2.5.3",
      "resolved": "https://registry.npmjs.org/turbo-darwin-64/-/turbo-darwin-64-2.5.3.tgz",
      "integrity": "sha512-YSItEVBUIvAGPUDpAB9etEmSqZI3T6BHrkBkeSErvICXn3dfqXUfeLx35LfptLDEbrzFUdwYFNmt8QXOwe9yaw==",
      "cpu": [
        "x64"
      ],
      "dev": true,
      "license": "MIT",
      "optional": true,
      "os": [
        "darwin"
      ]
    },
    "node_modules/turbo-darwin-arm64": {
      "version": "2.5.3",
      "resolved": "https://registry.npmjs.org/turbo-darwin-arm64/-/turbo-darwin-arm64-2.5.3.tgz",
      "integrity": "sha512-5PefrwHd42UiZX7YA9m1LPW6x9YJBDErXmsegCkVp+GjmWrADfEOxpFrGQNonH3ZMj77WZB2PVE5Aw3gA+IOhg==",
      "cpu": [
        "arm64"
      ],
      "dev": true,
      "license": "MIT",
      "optional": true,
      "os": [
        "darwin"
      ]
    },
    "node_modules/turbo-linux-64": {
      "version": "2.5.3",
      "resolved": "https://registry.npmjs.org/turbo-linux-64/-/turbo-linux-64-2.5.3.tgz",
      "integrity": "sha512-M9xigFgawn5ofTmRzvjjLj3Lqc05O8VHKuOlWNUlnHPUltFquyEeSkpQNkE/vpPdOR14AzxqHbhhxtfS4qvb1w==",
      "cpu": [
        "x64"
      ],
      "dev": true,
      "license": "MIT",
      "optional": true,
      "os": [
        "linux"
      ]
    },
    "node_modules/turbo-linux-arm64": {
      "version": "2.5.3",
      "resolved": "https://registry.npmjs.org/turbo-linux-arm64/-/turbo-linux-arm64-2.5.3.tgz",
      "integrity": "sha512-auJRbYZ8SGJVqvzTikpg1bsRAsiI9Tk0/SDkA5Xgg0GdiHDH/BOzv1ZjDE2mjmlrO/obr19Dw+39OlMhwLffrw==",
      "cpu": [
        "arm64"
      ],
      "dev": true,
      "license": "MIT",
      "optional": true,
      "os": [
        "linux"
      ]
    },
    "node_modules/turbo-windows-64": {
      "version": "2.5.3",
      "resolved": "https://registry.npmjs.org/turbo-windows-64/-/turbo-windows-64-2.5.3.tgz",
      "integrity": "sha512-arLQYohuHtIEKkmQSCU9vtrKUg+/1TTstWB9VYRSsz+khvg81eX6LYHtXJfH/dK7Ho6ck+JaEh5G+QrE1jEmCQ==",
      "cpu": [
        "x64"
      ],
      "dev": true,
      "license": "MIT",
      "optional": true,
      "os": [
        "win32"
      ]
    },
    "node_modules/turbo-windows-arm64": {
      "version": "2.5.3",
      "resolved": "https://registry.npmjs.org/turbo-windows-arm64/-/turbo-windows-arm64-2.5.3.tgz",
      "integrity": "sha512-3JPn66HAynJ0gtr6H+hjY4VHpu1RPKcEwGATvGUTmLmYSYBQieVlnGDRMMoYN066YfyPqnNGCfhYbXfH92Cm0g==",
      "cpu": [
        "arm64"
      ],
      "dev": true,
      "license": "MIT",
      "optional": true,
      "os": [
        "win32"
      ]
    }
  }
}
